
Microsoft Visual Studio Solution File, Format Version 12.00
# Visual Studio Version 16
VisualStudioVersion = 16.0.30204.135
MinimumVisualStudioVersion = 10.0.40219.1
Project("{FAE04EC0-301F-11D3-BF4B-00C04F79EFBC}") = "ConsoleChess", "ConsoleChess.csproj", "{6A2C91B6-9C2E-43C1-8586-CDC2CD6FFD3F}"
EndProject
Global
	GlobalSection(SolutionConfigurationPlatforms) = preSolution
		Debug|Any CPU = Debug|Any CPU
		Release|Any CPU = Release|Any CPU
	EndGlobalSection
	GlobalSection(ProjectConfigurationPlatforms) = postSolution
		{6A2C91B6-9C2E-43C1-8586-CDC2CD6FFD3F}.Debug|Any CPU.ActiveCfg = Debug|Any CPU
		{6A2C91B6-9C2E-43C1-8586-CDC2CD6FFD3F}.Debug|Any CPU.Build.0 = Debug|Any CPU
		{6A2C91B6-9C2E-43C1-8586-CDC2CD6FFD3F}.Release|Any CPU.ActiveCfg = Release|Any CPU
		{6A2C91B6-9C2E-43C1-8586-CDC2CD6FFD3F}.Release|Any CPU.Build.0 = Release|Any CPU
	EndGlobalSection
	GlobalSection(SolutionProperties) = preSolution
		HideSolutionNode = FALSE
	EndGlobalSection
	GlobalSection(ExtensibilityGlobals) = postSolution
		SolutionGuid = {E40CD2FE-F1B9-4952-8367-7EA2F755967E}
	EndGlobalSection
EndGlobal
